
Microsoft Visual Studio Solution File, Format Version 12.00
# Visual Studio Version 16
VisualStudioVersion = 16.0.31402.337
MinimumVisualStudioVersion = 10.0.40219.1
Project("{9A19103F-16F7-4668-BE54-9A1E7A4F7556}") = "FitnessShopSystem", "FitnessShopSystem\FitnessShopSystem.csproj", "{3607A5CA-3C27-4B24-A1DF-B0AFFEFFFFA1}"
EndProject
Project("{FAE04EC0-301F-11D3-BF4B-00C04F79EFBC}") = "FitnessShopSystem.Tests", "FitnessShopSystem.Tests\FitnessShopSystem.Tests.csproj", "{20A11A58-3AD1-41E5-B161-3BF4E6F68ED7}"
EndProject
Global
	GlobalSection(SolutionConfigurationPlatforms) = preSolution
		Debug|Any CPU = Debug|Any CPU
		Release|Any CPU = Release|Any CPU
	EndGlobalSection
	GlobalSection(ProjectConfigurationPlatforms) = postSolution
		{3607A5CA-3C27-4B24-A1DF-B0AFFEFFFFA1}.Debug|Any CPU.ActiveCfg = Debug|Any CPU
		{3607A5CA-3C27-4B24-A1DF-B0AFFEFFFFA1}.Debug|Any CPU.Build.0 = Debug|Any CPU
		{3607A5CA-3C27-4B24-A1DF-B0AFFEFFFFA1}.Release|Any CPU.ActiveCfg = Release|Any CPU
		{3607A5CA-3C27-4B24-A1DF-B0AFFEFFFFA1}.Release|Any CPU.Build.0 = Release|Any CPU
		{20A11A58-3AD1-41E5-B161-3BF4E6F68ED7}.Debug|Any CPU.ActiveCfg = Debug|Any CPU
		{20A11A58-3AD1-41E5-B161-3BF4E6F68ED7}.Debug|Any CPU.Build.0 = Debug|Any CPU
		{20A11A58-3AD1-41E5-B161-3BF4E6F68ED7}.Release|Any CPU.ActiveCfg = Release|Any CPU
		{20A11A58-3AD1-41E5-B161-3BF4E6F68ED7}.Release|Any CPU.Build.0 = Release|Any CPU
	EndGlobalSection
	GlobalSection(SolutionProperties) = preSolution
		HideSolutionNode = FALSE
	EndGlobalSection
	GlobalSection(ExtensibilityGlobals) = postSolution
		SolutionGuid = {FC87B220-9D7A-43E2-BC85-4A468C06C6E6}
	EndGlobalSection
EndGlobal
